
Microsoft Visual Studio Solution File, Format Version 12.00
# Visual Studio Version 17
VisualStudioVersion = 17.9.34728.123
MinimumVisualStudioVersion = 10.0.40219.1
Project("{C9674DCB-5085-4A16-B785-4C70DD1589BD}") = "OrderSales_Project", "OrderSales_Project\OrderSales_Project.dtproj", "{07BC32C8-CC7F-49D2-867F-CBAF6F64E508}"
EndProject
Global
	GlobalSection(SolutionConfigurationPlatforms) = preSolution
		Development|Default = Development|Default
	EndGlobalSection
	GlobalSection(ProjectConfigurationPlatforms) = postSolution
		{07BC32C8-CC7F-49D2-867F-CBAF6F64E508}.Development|Default.ActiveCfg = Development
		{07BC32C8-CC7F-49D2-867F-CBAF6F64E508}.Development|Default.Build.0 = Development
	EndGlobalSection
	GlobalSection(SolutionProperties) = preSolution
		HideSolutionNode = FALSE
	EndGlobalSection
	GlobalSection(ExtensibilityGlobals) = postSolution
		SolutionGuid = {9116A43D-B8E1-4A7B-8183-521D0B3D1A24}
	EndGlobalSection
EndGlobal
